github.com/bww/go-alert v0.0.0-20180325011200-72270072a7e5 h1:rh5n5DkznRsc8xcU+rfL/k8euBHe1flwtoAjJJOw4Ck=
github.com/bww/go-alert v0.0.0-20180325011200-72270072a7e5/go.mod h1:tsrgzda5iuNbbbVRTPaUnXpHwh0qiWg//Xr7lSLV5X8=
github.com/bww/go-lru v0.0.0-20170614154955-3dc72bab928f h1:oUV1ZUmmlCEyMpr8AIdzb9hAt3XeA4Hz0pbhx1wlY8A=
github.com/bww/go-lru v0.0.0-20170614154955-3dc72bab928f/go.mod h1:Fby496Rx/leNn+pFmBXmREGywDkZhb5sTd8wrbuYnyY=
github.com/bww/go-upgrade v0.0.0-20170614181807-329e65feb2c0 h1:TqpgEq5qf/6MCPAb51pE22HC6Vc7tDqKY2oPcPRywcU=
github.com/bww/go-upgrade v0.0.0-20170614181807-329e65feb2c0/go.mod h1:rF+wV8IYImfRFrma7umAkphwnzo/DNZiy9g87a0/heM=
github.com/bww/go-util v0.0.0-20190625001350-f31bca196fd1 h1:+bep1AVsk5Y1AcOBGdvCtn+44g9NRIdQED9UL3Qo3sQ=
github.com/bww/go-util v0.0.0-20190625001350-f31bca196fd1/go.mod h1:qJqZ5WZ/HjEWnBbTKrCm1qF+E2i+pbWmbsCwDAh6Jiw=
github.com/davecgh/go-spew v1.1.0 h1:ZDRjVQ15GmhC3fiQ8ni8+OwkZQO4DARzQgrnXU1Liz8=
github.com/davecgh/go-spew v1.1.0/go.mod h1:J7Y8YcW2NihsgmVo/mv3lAwl/skON4iLHjSsI+c5H38=
github.com/lib/pq v1.2.0 h1:LXpIM/LZ5xGFhOpXAQUIMM1HdyqzVYM13zNdjCEEcA0=
github.com/lib/pq v1.2.0/go.mod h1:5WUZQaWbwv1U+lTReE5YruASi9Al49XbQIvNi/34Woo=
github.com/pmezard/go-difflib v1.0.0 h1:4DBwDE0NGyQoBHbLQYPwSUPoCMWR5BEzIk/f1lZbAQM=
github.com/pmezard/go-difflib v1.0.0/go.mod h1:iKH77koFhYxTK1pcRnkKkqfTogsbg7gZNVY4sRDYZ/4=
github.com/rcrowley/go-metrics v0.0.0-20190706150252-9beb055b7962 h1:eUm8ma4+yPknhXtkYlWh3tMkE6gBjXZToDned9s2gbQ=
github.com/rcrowley/go-metrics v0.0.0-20190706150252-9beb055b7962/go.mod h1:bCqnVzQkZxMG4s8nGwiZ5l3QUCyqpo9Y+/ZMZ9VjZe4=
github.com/stretchr/objx v0.1.0/go.mod h1:HFkY916IF+rwdDfMAkV7OtwuqBVzrE8GR6GFx+wExME=
github.com/stretchr/testify v1.3.0/go.mod h1:M5WIy9Dh21IEIfnGCwXGc5bZfKNJtfHm1UVUgZn+9EI=
github.com/stretchr/testify v1.4.0 h1:2E4SXV/wtOkTonXsotYi4li6zVWxYlZuYNCXe9XRJyk=
github.com/stretchr/testify v1.4.0/go.mod h1:j7eGeouHqKxXV5pUuKE4zz7dFj8WfuZ+81PSLYec5m4=
golang.org/x/crypto v0.0.0-20190411191339-88737f569e3a/go.mod h1:WFFai1msRO1wXaEeE5yQxYXgSfI8pQAWXbQop6sCtWE=
golang.org/x/sys v0.0.0-20190403152447-81d4e9dc473e/go.mod h1:h1NjWce9XRLGQEsW7wpKNCjG9DtNlClVuFLEZdDNbEs=
golang.org/x/text v0.3.0 h1:g61tztE5qeGQ89tm6NTjjM9VPIm088od1l6aSorWRWg=
golang.org/x/text v0.3.0/go.mod h1:NqM8EUOU14njkJ3fqMW+pc6Ldnwhi/IjpwHt7yyuwOQ=
gopkg.in/check.v1 v0.0.0-20161208181325-20d25e280405/go.mod h1:Co6ibVJAznAaIkqp8huTwlJQCZ016jof/cbN4VW5Yz0=
gopkg.in/yaml.v2 v2.2.2 h1:ZCJp+EgiOT7lHqUV2J862kp8Qj64Jo6az82+3Td9dZw=
gopkg.in/yaml.v2 v2.2.2/go.mod h1:hI93XBmqTisBFMUTm0b8Fm+jr3Dg1NNxqwp+5A1VGuI=
